PODS:
  - app_settings (4.3.0):
    - Flutter
  - Flutter (1.0.0)

DEPENDENCIES:
  - app_settings (from `.symlinks/plugins/app_settings/ios`)
  - Flutter (from `Flutter`)

EXTERNAL SOURCES:
  app_settings:
    :path: ".symlinks/plugins/app_settings/ios"
  Flutter:
    :path: Flutter

SPEC CHECKSUMS:
  app_settings: ee4ae4d1c9a907a23b81c40e5c56a5ca8a20a62b
  Flutter: f04841e97a9d0b0a8025694d0796dd46242b2854

PODFILE CHECKSUM: 70d9d25280d0dd177a5f637cdb0f0b0b12c6a189

COCOAPODS: 1.11.2
